
Microsoft Visual Studio Solution File, Format Version 12.00
# Visual Studio Version 17
VisualStudioVersion = 17.1.32421.90
MinimumVisualStudioVersion = 10.0.40219.1
Project("{FAE04EC0-301F-11D3-BF4B-00C04F79EFBC}") = "CSharpTemplate", "CSharpTemplate\CSharpTemplate.csproj", "{06793474-46F2-4BBF-9AF3-7FDAA84CEF3A}"
EndProject
Project("{FAE04EC0-301F-11D3-BF4B-00C04F79EFBC}") = "Composer", "Composer\Composer.csproj", "{F572B4C1-9080-4370-B069-174D57A19A17}"
EndProject
Project("{FAE04EC0-301F-11D3-BF4B-00C04F79EFBC}") = "RepositoryBridge", "RepositoryBridge\RepositoryBridge.csproj", "{A798E996-BD63-4C53-93B3-92610ED9F4D4}"
EndProject
Project("{FAE04EC0-301F-11D3-BF4B-00C04F79EFBC}") = "Repositories", "Repositories\Repositories.csproj", "{30E35075-7461-4059-BB81-9A25DCBC287A}"
EndProject
Project("{FAE04EC0-301F-11D3-BF4B-00C04F79EFBC}") = "Mappers", "Mappers\Mappers.csproj", "{CA99B9EC-D27D-4302-A177-47FA5B6E8B94}"
EndProject
Project("{FAE04EC0-301F-11D3-BF4B-00C04F79EFBC}") = "Business", "Business\Business.csproj", "{6A139DC6-E823-4A35-B2D4-4F3483DDBF03}"
EndProject
Project("{FAE04EC0-301F-11D3-BF4B-00C04F79EFBC}") = "Shared", "Shared\Shared.csproj", "{CBA48740-23B2-4C99-AFFC-DBCF7900D361}"
EndProject
Global
	GlobalSection(SolutionConfigurationPlatforms) = preSolution
		Debug|Any CPU = Debug|Any CPU
		Release|Any CPU = Release|Any CPU
	EndGlobalSection
	GlobalSection(ProjectConfigurationPlatforms) = postSolution
		{06793474-46F2-4BBF-9AF3-7FDAA84CEF3A}.Debug|Any CPU.ActiveCfg = Debug|Any CPU
		{06793474-46F2-4BBF-9AF3-7FDAA84CEF3A}.Debug|Any CPU.Build.0 = Debug|Any CPU
		{06793474-46F2-4BBF-9AF3-7FDAA84CEF3A}.Release|Any CPU.ActiveCfg = Release|Any CPU
		{06793474-46F2-4BBF-9AF3-7FDAA84CEF3A}.Release|Any CPU.Build.0 = Release|Any CPU
		{F572B4C1-9080-4370-B069-174D57A19A17}.Debug|Any CPU.ActiveCfg = Debug|Any CPU
		{F572B4C1-9080-4370-B069-174D57A19A17}.Debug|Any CPU.Build.0 = Debug|Any CPU
		{F572B4C1-9080-4370-B069-174D57A19A17}.Release|Any CPU.ActiveCfg = Release|Any CPU
		{F572B4C1-9080-4370-B069-174D57A19A17}.Release|Any CPU.Build.0 = Release|Any CPU
		{A798E996-BD63-4C53-93B3-92610ED9F4D4}.Debug|Any CPU.ActiveCfg = Debug|Any CPU
		{A798E996-BD63-4C53-93B3-92610ED9F4D4}.Debug|Any CPU.Build.0 = Debug|Any CPU
		{A798E996-BD63-4C53-93B3-92610ED9F4D4}.Release|Any CPU.ActiveCfg = Release|Any CPU
		{A798E996-BD63-4C53-93B3-92610ED9F4D4}.Release|Any CPU.Build.0 = Release|Any CPU
		{30E35075-7461-4059-BB81-9A25DCBC287A}.Debug|Any CPU.ActiveCfg = Debug|Any CPU
		{30E35075-7461-4059-BB81-9A25DCBC287A}.Debug|Any CPU.Build.0 = Debug|Any CPU
		{30E35075-7461-4059-BB81-9A25DCBC287A}.Release|Any CPU.ActiveCfg = Release|Any CPU
		{30E35075-7461-4059-BB81-9A25DCBC287A}.Release|Any CPU.Build.0 = Release|Any CPU
		{CA99B9EC-D27D-4302-A177-47FA5B6E8B94}.Debug|Any CPU.ActiveCfg = Debug|Any CPU
		{CA99B9EC-D27D-4302-A177-47FA5B6E8B94}.Debug|Any CPU.Build.0 = Debug|Any CPU
		{CA99B9EC-D27D-4302-A177-47FA5B6E8B94}.Release|Any CPU.ActiveCfg = Release|Any CPU
		{CA99B9EC-D27D-4302-A177-47FA5B6E8B94}.Release|Any CPU.Build.0 = Release|Any CPU
		{6A139DC6-E823-4A35-B2D4-4F3483DDBF03}.Debug|Any CPU.ActiveCfg = Debug|Any CPU
		{6A139DC6-E823-4A35-B2D4-4F3483DDBF03}.Debug|Any CPU.Build.0 = Debug|Any CPU
		{6A139DC6-E823-4A35-B2D4-4F3483DDBF03}.Release|Any CPU.ActiveCfg = Release|Any CPU
		{6A139DC6-E823-4A35-B2D4-4F3483DDBF03}.Release|Any CPU.Build.0 = Release|Any CPU
		{CBA48740-23B2-4C99-AFFC-DBCF7900D361}.Debug|Any CPU.ActiveCfg = Debug|Any CPU
		{CBA48740-23B2-4C99-AFFC-DBCF7900D361}.Debug|Any CPU.Build.0 = Debug|Any CPU
		{CBA48740-23B2-4C99-AFFC-DBCF7900D361}.Release|Any CPU.ActiveCfg = Release|Any CPU
		{CBA48740-23B2-4C99-AFFC-DBCF7900D361}.Release|Any CPU.Build.0 = Release|Any CPU
	EndGlobalSection
	GlobalSection(SolutionProperties) = preSolution
		HideSolutionNode = FALSE
	EndGlobalSection
	GlobalSection(ExtensibilityGlobals) = postSolution
		SolutionGuid = {0EDD6FB6-9673-459F-B7C4-A89530FCE420}
	EndGlobalSection
EndGlobal
